{
  "nodes": {
    "bob-ruby": {
      "inputs": {
        "flake-utils": "flake-utils",
        "nixpkgs": [
          "nixpkgs"
        ]
      },
      "locked": {
        "lastModified": 1681191603,
        "narHash": "sha256-tq3DwKXl7ZHDff8y3Da1tBsJhYXGXp1IOI8PKcikOKw=",
        "owner": "bobvanderlinden",
        "repo": "nixpkgs-ruby",
        "rev": "636da405e4d13e064fe5b7089a74833117b1d36a",
        "type": "github"
      },
      "original": {
        "owner": "bobvanderlinden",
        "repo": "nixpkgs-ruby",
        "type": "github"
      }
    },
    "bundix": {
      "inputs": {
        "fu": "fu",
        "nixpkgs": [
          "nixpkgs"
        ]
      },
      "locked": {
        "lastModified": 1679041248,
        "narHash": "sha256-E2Lo2y7EU3XUm4/HzyJz2uxbz55kBuap4sNcDMyRcCw=",
        "owner": "sagittaros",
        "repo": "bundix",
        "rev": "139e7726f9ae13d355e15c9224e045ccd9af7b3b",
        "type": "github"
      },
      "original": {
        "owner": "sagittaros",
        "ref": "main",
        "repo": "bundix",
        "type": "github"
      }
    },
    "flake-parts": {
      "inputs": {
        "nixpkgs-lib": "nixpkgs-lib"
      },
      "locked": {
        "lastModified": 1680392223,
        "narHash": "sha256-n3g7QFr85lDODKt250rkZj2IFS3i4/8HBU2yKHO3tqw=",
        "owner": "hercules-ci",
        "repo": "flake-parts",
        "rev": "dcc36e45d054d7bb554c9cdab69093debd91a0b5",
        "type": "github"
      },
      "original": {
        "owner": "hercules-ci",
        "repo": "flake-parts",
        "type": "github"
      }
    },
    "flake-utils": {
      "locked": {
        "lastModified": 1667395993,
        "narHash": "sha256-nuEHfE/LcWyuSWnS8t12N1wc105Qtau+/OdUAjtQ0rA=",
        "owner": "numtide",
        "repo": "flake-utils",
        "rev": "5aed5285a952e0b949eb3ba02c12fa4fcfef535f",
        "type": "github"
      },
      "original": {
        "owner": "numtide",
        "repo": "flake-utils",
        "type": "github"
      }
    },
    "fu": {
      "locked": {
        "lastModified": 1676283394,
        "narHash": "sha256-XX2f9c3iySLCw54rJ/CZs+ZK6IQy7GXNY4nSOyu2QG4=",
        "owner": "numtide",
        "repo": "flake-utils",
        "rev": "3db36a8b464d0c4532ba1c7dda728f4576d6d073",
        "type": "github"
      },
      "original": {
        "owner": "numtide",
        "repo": "flake-utils",
        "type": "github"
      }
    },
    "nixpkgs": {
      "locked": {
        "lastModified": 1681215634,
        "narHash": "sha256-dI0SsSWb7ksK3OtTCf61vdlBhok838aIpwQ2EUM+jhY=",
        "owner": "NixOS",
        "repo": "nixpkgs",
        "rev": "5a156c2e89c1eca09b40bcdcee86760e0e4d79a9",
        "type": "github"
      },
      "original": {
        "id": "nixpkgs",
        "type": "indirect"
      }
    },
    "nixpkgs-lib": {
      "locked": {
        "dir": "lib",
        "lastModified": 1680213900,
        "narHash": "sha256-cIDr5WZIj3EkKyCgj/6j3HBH4Jj1W296z7HTcWj1aMA=",
        "owner": "NixOS",
        "repo": "nixpkgs",
        "rev": "e3652e0735fbec227f342712f180f4f21f0594f2",
        "type": "github"
      },
      "original": {
        "dir": "lib",
        "owner": "NixOS",
        "ref": "nixos-unstable",
        "repo": "nixpkgs",
        "type": "github"
      }
    },
    "nixpkgs_2": {
      "locked": {
        "lastModified": 1678875422,
        "narHash": "sha256-T3o6NcQPwXjxJMn2shz86Chch4ljXgZn746c2caGxd8=",
        "owner": "NixOS",
        "repo": "nixpkgs",
        "rev": "126f49a01de5b7e35a43fd43f891ecf6d3a51459",
        "type": "github"
      },
      "original": {
        "id": "nixpkgs",
        "type": "indirect"
      }
    },
    "root": {
      "inputs": {
        "bob-ruby": "bob-ruby",
        "bundix": "bundix",
        "flake-parts": "flake-parts",
        "nixpkgs": "nixpkgs",
        "ruby-nix": "ruby-nix"
      }
    },
    "ruby-nix": {
      "inputs": {
        "nixpkgs": "nixpkgs_2"
      },
      "locked": {
        "lastModified": 1679572735,
        "narHash": "sha256-LZJ79cu146aTSLkX5OgXCSv1lZZ2RcE+a2gjeB9Mk5Y=",
        "owner": "sagittaros",
        "repo": "ruby-nix",
        "rev": "dfb2a4531fec56793b84c5cec9bffd5d5e19c0b6",
        "type": "github"
      },
      "original": {
        "owner": "sagittaros",
        "repo": "ruby-nix",
        "type": "github"
      }
    }
  },
  "root": "root",
  "version": 7
}
